
Microsoft Visual Studio Solution File, Format Version 12.00
# Visual Studio Version 17
VisualStudioVersion = 17.9.34728.123
MinimumVisualStudioVersion = 10.0.40219.1
Project("{FAE04EC0-301F-11D3-BF4B-00C04F79EFBC}") = "StoreManagement", "StoreManagement\StoreManagement.csproj", "{A0D8ADC0-8230-464C-AC76-7B8619491869}"
EndProject
Global
	GlobalSection(SolutionConfigurationPlatforms) = preSolution
		Debug|Any CPU = Debug|Any CPU
		Release|Any CPU = Release|Any CPU
	EndGlobalSection
	GlobalSection(ProjectConfigurationPlatforms) = postSolution
		{A0D8ADC0-8230-464C-AC76-7B8619491869}.Debug|Any CPU.ActiveCfg = Debug|Any CPU
		{A0D8ADC0-8230-464C-AC76-7B8619491869}.Debug|Any CPU.Build.0 = Debug|Any CPU
		{A0D8ADC0-8230-464C-AC76-7B8619491869}.Release|Any CPU.ActiveCfg = Release|Any CPU
		{A0D8ADC0-8230-464C-AC76-7B8619491869}.Release|Any CPU.Build.0 = Release|Any CPU
	EndGlobalSection
	GlobalSection(SolutionProperties) = preSolution
		HideSolutionNode = FALSE
	EndGlobalSection
	GlobalSection(ExtensibilityGlobals) = postSolution
		SolutionGuid = {54C1FBD2-11DA-46F2-B480-049C5E1FF835}
	EndGlobalSection
EndGlobal
